
Microsoft Visual Studio Solution File, Format Version 12.00
# Visual Studio Version 17
VisualStudioVersion = 17.0.31717.71
MinimumVisualStudioVersion = 10.0.40219.1
Project("{FAE04EC0-301F-11D3-BF4B-00C04F79EFBC}") = "WriteMemoryApp", "WriteMemoryApp\WriteMemoryApp.csproj", "{8EBCA470-C365-4B22-B7FF-38219C871DF6}"
EndProject
Project("{FAE04EC0-301F-11D3-BF4B-00C04F79EFBC}") = "ReadMemoryApp", "ReadMemoryApp\ReadMemoryApp.csproj", "{E026FEBB-69FB-4B99-81AE-7B785A7D9408}"
EndProject
Global
	GlobalSection(SolutionConfigurationPlatforms) = preSolution
		Debug|Any CPU = Debug|Any CPU
		Release|Any CPU = Release|Any CPU
	EndGlobalSection
	GlobalSection(ProjectConfigurationPlatforms) = postSolution
		{8EBCA470-C365-4B22-B7FF-38219C871DF6}.Debug|Any CPU.ActiveCfg = Debug|Any CPU
		{8EBCA470-C365-4B22-B7FF-38219C871DF6}.Debug|Any CPU.Build.0 = Debug|Any CPU
		{8EBCA470-C365-4B22-B7FF-38219C871DF6}.Release|Any CPU.ActiveCfg = Release|Any CPU
		{8EBCA470-C365-4B22-B7FF-38219C871DF6}.Release|Any CPU.Build.0 = Release|Any CPU
		{E026FEBB-69FB-4B99-81AE-7B785A7D9408}.Debug|Any CPU.ActiveCfg = Debug|Any CPU
		{E026FEBB-69FB-4B99-81AE-7B785A7D9408}.Debug|Any CPU.Build.0 = Debug|Any CPU
		{E026FEBB-69FB-4B99-81AE-7B785A7D9408}.Release|Any CPU.ActiveCfg = Release|Any CPU
		{E026FEBB-69FB-4B99-81AE-7B785A7D9408}.Release|Any CPU.Build.0 = Release|Any CPU
	EndGlobalSection
	GlobalSection(SolutionProperties) = preSolution
		HideSolutionNode = FALSE
	EndGlobalSection
	GlobalSection(ExtensibilityGlobals) = postSolution
		SolutionGuid = {A01E335F-6267-4A81-8D4F-948D8C6D8724}
	EndGlobalSection
EndGlobal
