
Microsoft Visual Studio Solution File, Format Version 12.00
# Visual Studio Version 17
VisualStudioVersion = 17.0.31717.71
MinimumVisualStudioVersion = 10.0.40219.1
Project("{FAE04EC0-301F-11D3-BF4B-00C04F79EFBC}") = "FileManager", "FileManager\FileManager.csproj", "{D1640C54-C4BF-498B-AEE4-28090CBFA800}"
EndProject
Global
	GlobalSection(SolutionConfigurationPlatforms) = preSolution
		Debug|Any CPU = Debug|Any CPU
		Release|Any CPU = Release|Any CPU
	EndGlobalSection
	GlobalSection(ProjectConfigurationPlatforms) = postSolution
		{D1640C54-C4BF-498B-AEE4-28090CBFA800}.Debug|Any CPU.ActiveCfg = Debug|Any CPU
		{D1640C54-C4BF-498B-AEE4-28090CBFA800}.Debug|Any CPU.Build.0 = Debug|Any CPU
		{D1640C54-C4BF-498B-AEE4-28090CBFA800}.Release|Any CPU.ActiveCfg = Release|Any CPU
		{D1640C54-C4BF-498B-AEE4-28090CBFA800}.Release|Any CPU.Build.0 = Release|Any CPU
	EndGlobalSection
	GlobalSection(SolutionProperties) = preSolution
		HideSolutionNode = FALSE
	EndGlobalSection
	GlobalSection(ExtensibilityGlobals) = postSolution
		SolutionGuid = {4F903B96-A523-4BE1-A174-1E9ACB3ED845}
	EndGlobalSection
EndGlobal
