
Microsoft Visual Studio Solution File, Format Version 12.00
# Visual Studio Version 16
VisualStudioVersion = 16.0.29806.167
MinimumVisualStudioVersion = 10.0.40219.1
Project("{FAE04EC0-301F-11D3-BF4B-00C04F79EFBC}") = "ConsoleApp1", "ConsoleApp1.csproj", "{ABBF640B-63E7-432F-8BD6-3A0F0D869086}"
EndProject
Global
	GlobalSection(SolutionConfigurationPlatforms) = preSolution
		Debug|Any CPU = Debug|Any CPU
		Release|Any CPU = Release|Any CPU
	EndGlobalSection
	GlobalSection(ProjectConfigurationPlatforms) = postSolution
		{ABBF640B-63E7-432F-8BD6-3A0F0D869086}.Debug|Any CPU.ActiveCfg = Debug|Any CPU
		{ABBF640B-63E7-432F-8BD6-3A0F0D869086}.Debug|Any CPU.Build.0 = Debug|Any CPU
		{ABBF640B-63E7-432F-8BD6-3A0F0D869086}.Release|Any CPU.ActiveCfg = Release|Any CPU
		{ABBF640B-63E7-432F-8BD6-3A0F0D869086}.Release|Any CPU.Build.0 = Release|Any CPU
	EndGlobalSection
	GlobalSection(SolutionProperties) = preSolution
		HideSolutionNode = FALSE
	EndGlobalSection
	GlobalSection(ExtensibilityGlobals) = postSolution
		SolutionGuid = {ACF08CBB-B18B-4896-BC1C-E14B7ADCC249}
	EndGlobalSection
EndGlobal
