
Microsoft Visual Studio Solution File, Format Version 12.00
# Visual Studio Version 17
VisualStudioVersion = 17.2.32427.441
MinimumVisualStudioVersion = 10.0.40219.1
Project("{9A19103F-16F7-4668-BE54-9A1E7A4F7556}") = "RandomEvents", "RandomEvents\RandomEvents.csproj", "{7E856649-9024-461A-B6F5-ED514348E5A1}"
EndProject
Project("{FAE04EC0-301F-11D3-BF4B-00C04F79EFBC}") = "RandomEventsWPF", "RandomEventsWPF\RandomEventsWPF.csproj", "{1B7E001D-12F7-49E3-9E52-4B31F19E23A4}"
EndProject
Global
	GlobalSection(SolutionConfigurationPlatforms) = preSolution
		Debug|Any CPU = Debug|Any CPU
		Release|Any CPU = Release|Any CPU
	EndGlobalSection
	GlobalSection(ProjectConfigurationPlatforms) = postSolution
		{7E856649-9024-461A-B6F5-ED514348E5A1}.Debug|Any CPU.ActiveCfg = Debug|Any CPU
		{7E856649-9024-461A-B6F5-ED514348E5A1}.Debug|Any CPU.Build.0 = Debug|Any CPU
		{7E856649-9024-461A-B6F5-ED514348E5A1}.Release|Any CPU.ActiveCfg = Release|Any CPU
		{7E856649-9024-461A-B6F5-ED514348E5A1}.Release|Any CPU.Build.0 = Release|Any CPU
		{1B7E001D-12F7-49E3-9E52-4B31F19E23A4}.Debug|Any CPU.ActiveCfg = Debug|Any CPU
		{1B7E001D-12F7-49E3-9E52-4B31F19E23A4}.Debug|Any CPU.Build.0 = Debug|Any CPU
		{1B7E001D-12F7-49E3-9E52-4B31F19E23A4}.Release|Any CPU.ActiveCfg = Release|Any CPU
		{1B7E001D-12F7-49E3-9E52-4B31F19E23A4}.Release|Any CPU.Build.0 = Release|Any CPU
	EndGlobalSection
	GlobalSection(SolutionProperties) = preSolution
		HideSolutionNode = FALSE
	EndGlobalSection
	GlobalSection(ExtensibilityGlobals) = postSolution
		SolutionGuid = {471F0AE2-AF9B-4489-96C9-339E9F5AB676}
	EndGlobalSection
EndGlobal
